# THIS IS AN AUTOGENERATED FILE. DO NOT EDIT THIS FILE DIRECTLY.
# yarn lockfile v1


"@emnapi/runtime@^1.11.3":
  version "1.11.3"
  resolved "https://registry.yarnpkg.com/@emnapi/runtime/-/runtime-1.11.3.tgz#84257ae3b0531eb2aec1ffa23d70700da007ba95"
  integrity sha512-Xz4Tpyki7XyrpbUK1jR1AhdAdaXyhhY4lZ3neLodmhpuWfy2PAQN5B46sAiU4liOXGLkHypn/qU+jvfWSCYYLA==
  dependencies:
    tslib "^2.4.0"

"@esbuild/aix-ppc64@0.21.5":
  version "0.21.5"
  resolved "https://registry.yarnpkg.com/@esbuild/aix-ppc64/-/aix-ppc64-0.21.5.tgz#c7184a326533fcdf1b8ee0733e21c713b975575f"
  integrity sha512-1SDgH6ZSPTlggy1yI6+Dbkiz8xzpHJEVAlF/AM1tHPLsf5STom9rwtjE4hKAF20FfXXNTFqEYXyJNWh1GiZedQ==

"@esbuild/android-arm64@0.21.5":
  version "0.21.5"
  resolved "https://registry.yarnpkg.com/@esbuild/android-arm64/-/android-arm64-0.21.5.tgz#09d9b4357780da9ea3a7dfb833a1f1ff439b4052"
  integrity sha512-c0uX9VAUBQ7dTDCjq+wdyGLowMdtR/GoC2U5IYk/7D1H1JYC0qseD7+11iMP2mRLN9RcCMRcjC4YMclCzGwS/A==

"@esbuild/android-arm@0.21.5":
  version "0.21.5"
  resolved "https://registry.yarnpkg.com/@esbuild/android-arm/-/android-arm-0.21.5.tgz#9b04384fb771926dfa6d7ad04324ecb2ab9b2e28"
  integrity sha512-vCPvzSjpPHEi1siZdlvAlsPxXl7WbOVUBBAowWug4rJHb68Ox8KualB+1ocNvT5fjv6wpkX6o/iEpbDrf68zcg==

"@esbuild/android-x64@0.21.5":
  version "0.21.5"
  resolved "https://registry.yarnpkg.com/@esbuild/android-x64/-/android-x64-0.21.5.tgz#29918ec2db754cedcb6c1b04de8cd6547af6461e"
  integrity sha512-D7aPRUUNHRBwHxzxRvp856rjUHRFW1SdQATKXH2hqA0kAZb1hKmi02OpYRacl0TxIGz/ZmXWlbZgjwWYaCakTA==

"@esbuild/darwin-arm64@0.21.5":
  version "0.21.5"
  resolved "https://registry.yarnpkg.com/@esbuild/darwin-arm64/-/darwin-arm64-0.21.5.tgz#e495b539660e51690f3928af50a76fb0a6ccff2a"
  integrity sha512-DwqXqZyuk5AiWWf3UfLiRDJ5EDd49zg6O9wclZ7kUMv2WRFr4HKjXp/5t8JZ11QbQfUS6/cRCKGwYhtNAY88kQ==

"@esbuild/darwin-x64@0.21.5":
  version "0.21.5"
  resolved "https://registry.yarnpkg.com/@esbuild/darwin-x64/-/darwin-x64-0.21.5.tgz#c13838fa57372839abdddc91d71542ceea2e1e22"
  integrity sha512-se/JjF8NlmKVG4kNIuyWMV/22ZaerB+qaSi5MdrXtd6R08kvs2qCN4C09miupktDitvh8jRFflwGFBQcxZRjbw==

"@esbuild/freebsd-arm64@0.21.5":
  version "0.21.5"
  resolved "https://registry.yarnpkg.com/@esbuild/freebsd-arm64/-/freebsd-arm64-0.21.5.tgz#646b989aa20bf89fd071dd5dbfad69a3542e550e"
  integrity sha512-5JcRxxRDUJLX8JXp/wcBCy3pENnCgBR9bN6JsY4OmhfUtIHe3ZW0mawA7+RDAcMLrMIZaf03NlQiX9DGyB8h4g==

"@esbuild/freebsd-x64@0.21.5":
  version "0.21.5"
  resolved "https://registry.yarnpkg.com/@esbuild/freebsd-x64/-/freebsd-x64-0.21.5.tgz#aa615cfc80af954d3458906e38ca22c18cf5c261"
  integrity sha512-J95kNBj1zkbMXtHVH29bBriQygMXqoVQOQYA+ISs0/2l3T9/kj42ow2mpqerRBxDJnmkUDCaQT/dfNXWX/ZZCQ==

"@esbuild/linux-arm64@0.21.5":
  version "0.21.5"
  resolved "https://registry.yarnpkg.com/@esbuild/linux-arm64/-/linux-arm64-0.21.5.tgz#70ac6fa14f5cb7e1f7f887bcffb680ad09922b5b"
  integrity sha512-ibKvmyYzKsBeX8d8I7MH/TMfWDXBF3db4qM6sy+7re0YXya+K1cem3on9XgdT2EQGMu4hQyZhan7TeQ8XkGp4Q==

"@esbuild/linux-arm@0.21.5":
  version "0.21.5"
  resolved "https://registry.yarnpkg.com/@esbuild/linux-arm/-/linux-arm-0.21.5.tgz#fc6fd11a8aca56c1f6f3894f2bea0479f8f626b9"
  integrity sha512-bPb5AHZtbeNGjCKVZ9UGqGwo8EUu4cLq68E95A53KlxAPRmUyYv2D6F0uUI65XisGOL1hBP5mTronbgo+0bFcA==

"@esbuild/linux-ia32@0.21.5":
  version "0.21.5"
  resolved "https://registry.yarnpkg.com/@esbuild/linux-ia32/-/linux-ia32-0.21.5.tgz#3271f53b3f93e3d093d518d1649d6d68d346ede2"
  integrity sha512-YvjXDqLRqPDl2dvRODYmmhz4rPeVKYvppfGYKSNGdyZkA01046pLWyRKKI3ax8fbJoK5QbxblURkwK/MWY18Tg==

"@esbuild/linux-loong64@0.21.5":
  version "0.21.5"
  resolved "https://registry.yarnpkg.com/@esbuild/linux-loong64/-/linux-loong64-0.21.5.tgz#ed62e04238c57026aea831c5a130b73c0f9f26df"
  integrity sha512-uHf1BmMG8qEvzdrzAqg2SIG/02+4/DHB6a9Kbya0XDvwDEKCoC8ZRWI5JJvNdUjtciBGFQ5PuBlpEOXQj+JQSg==

"@esbuild/linux-mips64el@0.21.5":
  version "0.21.5"
  resolved "https://registry.yarnpkg.com/@esbuild/linux-mips64el/-/linux-mips64el-0.21.5.tgz#e79b8eb48bf3b106fadec1ac8240fb97b4e64cbe"
  integrity sha512-IajOmO+KJK23bj52dFSNCMsz1QP1DqM6cwLUv3W1QwyxkyIWecfafnI555fvSGqEKwjMXVLokcV5ygHW5b3Jbg==

"@esbuild/linux-ppc64@0.21.5":
  version "0.21.5"
  resolved "https://registry.yarnpkg.com/@esbuild/linux-ppc64/-/linux-ppc64-0.21.5.tgz#5f2203860a143b9919d383ef7573521fb154c3e4"
  integrity sha512-1hHV/Z4OEfMwpLO8rp7CvlhBDnjsC3CttJXIhBi+5Aj5r+MBvy4egg7wCbe//hSsT+RvDAG7s81tAvpL2XAE4w==

"@esbuild/linux-riscv64@0.21.5":
  version "0.21.5"
  resolved "https://registry.yarnpkg.com/@esbuild/linux-riscv64/-/linux-riscv64-0.21.5.tgz#07bcafd99322d5af62f618cb9e6a9b7f4bb825dc"
  integrity sha512-2HdXDMd9GMgTGrPWnJzP2ALSokE/0O5HhTUvWIbD3YdjME8JwvSCnNGBnTThKGEB91OZhzrJ4qIIxk/SBmyDDA==

"@esbuild/linux-s390x@0.21.5":
  version "0.21.5"
  resolved "https://registry.yarnpkg.com/@esbuild/linux-s390x/-/linux-s390x-0.21.5.tgz#b7ccf686751d6a3e44b8627ababc8be3ef62d8de"
  integrity sha512-zus5sxzqBJD3eXxwvjN1yQkRepANgxE9lgOW2qLnmr8ikMTphkjgXu1HR01K4FJg8h1kEEDAqDcZQtbrRnB41A==

"@esbuild/linux-x64@0.21.5":
  version "0.21.5"
  resolved "https://registry.yarnpkg.com/@esbuild/linux-x64/-/linux-x64-0.21.5.tgz#6d8f0c768e070e64309af8004bb94e68ab2bb3b0"
  integrity sha512-1rYdTpyv03iycF1+BhzrzQJCdOuAOtaqHTWJZCWvijKD2N5Xu0TtVC8/+1faWqcP9iBCWOmjmhoH94dH82BxPQ==

"@esbuild/netbsd-x64@0.21.5":
  version "0.21.5"
  resolved "https://registry.yarnpkg.com/@esbuild/netbsd-x64/-/netbsd-x64-0.21.5.tgz#bbe430f60d378ecb88decb219c602667387a6047"
  integrity sha512-Woi2MXzXjMULccIwMnLciyZH4nCIMpWQAs049KEeMvOcNADVxo0UBIQPfSmxB3CWKedngg7sWZdLvLczpe0tLg==

"@esbuild/openbsd-x64@0.21.5":
  version "0.21.5"
  resolved "https://registry.yarnpkg.com/@esbuild/openbsd-x64/-/openbsd-x64-0.21.5.tgz#99d1cf2937279560d2104821f5ccce220cb2af70"
  integrity sha512-HLNNw99xsvx12lFBUwoT8EVCsSvRNDVxNpjZ7bPn947b8gJPzeHWyNVhFsaerc0n3TsbOINvRP2byTZ5LKezow==

"@esbuild/sunos-x64@0.21.5":
  version "0.21.5"
  resolved "https://registry.yarnpkg.com/@esbuild/sunos-x64/-/sunos-x64-0.21.5.tgz#08741512c10d529566baba837b4fe052c8f3487b"
  integrity sha512-6+gjmFpfy0BHU5Tpptkuh8+uw3mnrvgs+dSPQXQOv3ekbordwnzTVEb4qnIvQcYXq6gzkyTnoZ9dZG+D4garKg==

"@esbuild/win32-arm64@0.21.5":
  version "0.21.5"
  resolved "https://registry.yarnpkg.com/@esbuild/win32-arm64/-/win32-arm64-0.21.5.tgz#675b7385398411240735016144ab2e99a60fc75d"
  integrity sha512-Z0gOTd75VvXqyq7nsl93zwahcTROgqvuAcYDUr+vOv8uHhNSKROyU961kgtCD1e95IqPKSQKH7tBTslnS3tA8A==

"@esbuild/win32-ia32@0.21.5":
  version "0.21.5"
  resolved "https://registry.yarnpkg.com/@esbuild/win32-ia32/-/win32-ia32-0.21.5.tgz#1bfc3ce98aa6ca9a0969e4d2af72144c59c1193b"
  integrity sha512-SWXFF1CL2RVNMaVs+BBClwtfZSvDgtL//G/smwAc5oVK/UPu2Gu9tIaRgFmYFFKrmg3SyAjSrElf0TiJ1v8fYA==

"@esbuild/win32-x64@0.21.5":
  version "0.21.5"
  resolved "https://registry.yarnpkg.com/@esbuild/win32-x64/-/win32-x64-0.21.5.tgz#acad351d582d157bb145535db2a6ff53dd514b5c"
  integrity sha512-tQd/1efJuzPC6rCFwEvLtci/xNFcTZknmXs98FYDfGE4wP9ClFV98nyKrzJKVPMhdDnjzLhdUyMX4PsQAPjwIw==

"@img/colour@^1.1.0":
  version "1.1.0"
  resolved "https://registry.yarnpkg.com/@img/colour/-/colour-1.1.0.tgz#b0c2c2fa661adf75effd6b4964497cd80010bb9d"
  integrity sha512-Td76q7j57o/tLVdgS746cYARfSyxk8iEfRxewL9h4OMzYhbW4TAcppl0mT4eyqXddh6L/jwoM75mo7ixa/pCeQ==

"@img/sharp-darwin-arm64@0.35.5":
  version "0.35.5"
  resolved "https://registry.yarnpkg.com/@img/sharp-darwin-arm64/-/sharp-darwin-arm64-0.35.5.tgz#b1e0276d4e9bf26a7fde7b2adcbe076c71015fc2"
  integrity sha512-QRUlFQ0WxvdWyqqG/WtI3iupfD5rBzmCHXSdPsY91sAtVtTo7Q4cb6zOccZ3gqEqkr0f1As1ehLqmEpDsRf+lg==
  optionalDependencies:
    "@img/sharp-libvips-darwin-arm64" "1.3.4"

"@img/sharp-darwin-x64@0.35.5":
  version "0.35.5"
  resolved "https://registry.yarnpkg.com/@img/sharp-darwin-x64/-/sharp-darwin-x64-0.35.5.tgz#bff811f9610ef322415e87f7551fd5d773122928"
  integrity sha512-+BR255RhDlpygUpOc/Jdt1nT6DQ3XG/ERo5wbcdOf5Q320dKtPCKPLR1LJs9VGXRaMa8l1uUa0tkCNOXiAxZUw==
  optionalDependencies:
    "@img/sharp-libvips-darwin-x64" "1.3.4"

"@img/sharp-freebsd-wasm32@0.35.5":
  version "0.35.5"
  resolved "https://registry.yarnpkg.com/@img/sharp-freebsd-wasm32/-/sharp-freebsd-wasm32-0.35.5.tgz#53b6041958608afa2f5f08323091101407e99086"
  integrity sha512-Y/z91nEZ4uIBX5X3nfTovjU9lHNKFYbL2lpHCLVNmXQK03VIZvXBBt0KxbPGp2SdGSF+2mQU4e+hQaWOt86iAw==
  dependencies:
    "@img/sharp-wasm32" "0.35.5"

"@img/sharp-libvips-darwin-arm64@1.3.4":
  version "1.3.4"
  resolved "https://registry.yarnpkg.com/@img/sharp-libvips-darwin-arm64/-/sharp-libvips-darwin-arm64-1.3.4.tgz#f29cbba302384f9a08bdb04d14c57b5cf71da4a4"
  integrity sha512-5R89nBYiRdUlSWJxPhO+GVtaXzXSxKnRu/xqMn3KTA3L9EB9Oy/P+Nn2f2vlhPuUdy/Zusb2DarbyTpGCfEDuw==

"@img/sharp-libvips-darwin-x64@1.3.4":
  version "1.3.4"
  resolved "https://registry.yarnpkg.com/@img/sharp-libvips-darwin-x64/-/sharp-libvips-darwin-x64-1.3.4.tgz#527f52721a89dd75614663aef87162a781739bab"
  integrity sha512-iR2OKH80yi0U+dUplyh3/xdpFvps6YkCwsXenIJxqxR1v9o+xtKTGbS9H7cps+2Vxjc8B1j96p75NmTGjIhtpQ==

"@img/sharp-libvips-linux-arm64@1.3.4":
  version "1.3.4"
  resolved "https://registry.yarnpkg.com/@img/sharp-libvips-linux-arm64/-/sharp-libvips-linux-arm64-1.3.4.tgz#78c11c6b0a4b4045c72dacacdec3b10f3e521349"
  integrity sha512-Y3dgX/6lE2QhQb+Gxy0WZxfg9MEm/JBjamZpS2IklP7xIQoKN4hzAm7KcMVGtaVDt3neE9OKBC7vAfonA/Lr1A==

"@img/sharp-libvips-linux-arm@1.3.4":
  version "1.3.4"
  resolved "https://registry.yarnpkg.com/@img/sharp-libvips-linux-arm/-/sharp-libvips-linux-arm-1.3.4.tgz#f5ecd8ebb63690e580438e308ce73015b49516a8"
  integrity sha512-LmRtTsOHuvM2+wlO2Db37dx5MiZhB0FvSunciw48YjdOkZz9KAiRbm8ujeMOA1INqmei5NapFxYEK1D1ZSidmw==

"@img/sharp-libvips-linux-ppc64@1.3.4":
  version "1.3.4"
  resolved "https://registry.yarnpkg.com/@img/sharp-libvips-linux-ppc64/-/sharp-libvips-linux-ppc64-1.3.4.tgz#b66a4d25bd042eff66c8076b1e4bd99c6d19246e"
  integrity sha512-Le6boB8Tai0Nis+gIxIpKx68UDVVIqdR8Tin5Yf1z2LJJQLDJvCDRqRu+jC2qCoD+eIomonmOwB4smBRxfVpYQ==

"@img/sharp-libvips-linux-riscv64@1.3.4":
  version "1.3.4"
  resolved "https://registry.yarnpkg.com/@img/sharp-libvips-linux-riscv64/-/sharp-libvips-linux-riscv64-1.3.4.tgz#9dee8b3fd801c0ff5d6083d6558d3c89b8dedc1b"
  integrity sha512-aHkkIEHPRdQEegJN20MLmGtxYD9R2wQr3Cwpddnu5+YKMt6Uzax7S9h5gpZTo8wyrGuZSlfQ63OevL5mTyOC7Q==

"@img/sharp-libvips-linux-s390x@1.3.4":
  version "1.3.4"
  resolved "https://registry.yarnpkg.com/@img/sharp-libvips-linux-s390x/-/sharp-libvips-linux-s390x-1.3.4.tgz#55a80f118f9ffd7653d20cefde41fca6ba0241e2"
  integrity sha512-ra/mB6MikESDUO7Yg+Mi95bFBb9GsObURuhnOv3OqknjGe9sZrG8tCe9q0xSIGrtLgvgw0gKnFWcK4blSgQOuQ==

"@img/sharp-libvips-linux-x64@1.3.4":
  version "1.3.4"
  resolved "https://registry.yarnpkg.com/@img/sharp-libvips-linux-x64/-/sharp-libvips-linux-x64-1.3.4.tgz#a0de3840ae386476eb4045d6d2b056a8062c548b"
  integrity sha512-GJ//SSXbnwSDes02umB3nDJLFcQzw8a18V8fyhqr6tV515tOEMdImjjxj1AoafMRz56F3PHgftnj1QEKSU1zkw==

"@img/sharp-libvips-linuxmusl-arm64@1.3.4":
  version "1.3.4"
  resolved "https://registry.yarnpkg.com/@img/sharp-libvips-linuxmusl-arm64/-/sharp-libvips-linuxmusl-arm64-1.3.4.tgz#420f2418eaec33cef4346e43d96a7864bb3fcbb4"
  integrity sha512-hvulFwtjUcagsis6BBxHwGFwWoNZjgYmULGVrZcyfNbjA8hKILbRxGg15/7w5HDyXHXUos/j6baAWqnCyQ2DWA==

"@img/sharp-libvips-linuxmusl-x64@1.3.4":
  version "1.3.4"
  resolved "https://registry.yarnpkg.com/@img/sharp-libvips-linuxmusl-x64/-/sharp-libvips-linuxmusl-x64-1.3.4.tgz#eb5696f7fa521f5f7f3d962fd9ade41deeba6a51"
  integrity sha512-6zXKeE/p39I1AmA3cJG35eyBGNqNddLnUXjhwBnsGjFPWqf5VKkDBEqaEkPDoTEtkxwi2vv8Tcr2mDyP4So7Fg==

"@img/sharp-linux-arm64@0.35.5":
  version "0.35.5"
  resolved "https://registry.yarnpkg.com/@img/sharp-linux-arm64/-/sharp-linux-arm64-0.35.5.tgz#ffaea1b88310b5bc40de48859a7f8f01d07e5e99"
  integrity sha512-LYVx5JTsOM2CBzmxreh+nl64/3H6Xb09iSLknqH47z2T2DFFxDeFLP5y4dJwe6H7uGQlHPyEEtIqyo3DYsRwdQ==
  optionalDependencies:
    "@img/sharp-libvips-linux-arm64" "1.3.4"

"@img/sharp-linux-arm@0.35.5":
  version "0.35.5"
  resolved "https://registry.yarnpkg.com/@img/sharp-linux-arm/-/sharp-linux-arm-0.35.5.tgz#950645b8695c200bfdb3c6eccf17c32c26968c23"
  integrity sha512-LEaXK2WdXVK5ykcw0buWyPMsmLLL2vpHLD6yrNSW+JGEL3BZPA4tpKN6iaMc4AxTTAoaX/sU1rOL51lcIz48ZQ==
  optionalDependencies:
    "@img/sharp-libvips-linux-arm" "1.3.4"

"@img/sharp-linux-ppc64@0.35.5":
  version "0.35.5"
  resolved "https://registry.yarnpkg.com/@img/sharp-linux-ppc64/-/sharp-linux-ppc64-0.35.5.tgz#af60c7db090411f7af2df2bc1aa764b93b6b8add"
  integrity sha512-QVxAAq8evVRI9ia2vqgwrmWucn5Dfv+JdWzj75pD8omHLPSP7f8p20O8jxzjCcuCEQEOtYOZUmX1hkiZ0kdevA==
  optionalDependencies:
    "@img/sharp-libvips-linux-ppc64" "1.3.4"

"@img/sharp-linux-riscv64@0.35.5":
  version "0.35.5"
  resolved "https://registry.yarnpkg.com/@img/sharp-linux-riscv64/-/sharp-linux-riscv64-0.35.5.tgz#afcd42ac0592330fbf4fff5904574e0e049ba0a4"
  integrity sha512-LtdreXguaavKODPIfzJ4kffx7UNt1omwtK0rch4EBbbSTXPnxWmYSayXdLJw0fJzQ97kHt1gL/yh4tvU+nCyRQ==
  optionalDependencies:
    "@img/sharp-libvips-linux-riscv64" "1.3.4"

"@img/sharp-linux-s390x@0.35.5":
  version "0.35.5"
  resolved "https://registry.yarnpkg.com/@img/sharp-linux-s390x/-/sharp-linux-s390x-0.35.5.tgz#092e584a8f36f2f90ba98652d6f45432edea87cb"
  integrity sha512-UZasTOFiYzotTsGOCu42BfUzP6Tu6Do/947iRm1RsLKvlllxwGcn4RN27LibGWceix4Y+Pmw3jsnTcCQIgWjqA==
  optionalDependencies:
    "@img/sharp-libvips-linux-s390x" "1.3.4"

"@img/sharp-linux-x64@0.35.5":
  version "0.35.5"
  resolved "https://registry.yarnpkg.com/@img/sharp-linux-x64/-/sharp-linux-x64-0.35.5.tgz#f624f6b98c6579084b9fb363d7cb83e2315de79c"
  integrity sha512-SxFtLTeJInhAA9Q836kux2vZNeOBQEx658qvbboZScr0wIARym3IcGmW7KpVD5sbVg0Ojy+udFQdayYIZyoNog==
  optionalDependencies:
    "@img/sharp-libvips-linux-x64" "1.3.4"

"@img/sharp-linuxmusl-arm64@0.35.5":
  version "0.35.5"
  resolved "https://registry.yarnpkg.com/@img/sharp-linuxmusl-arm64/-/sharp-linuxmusl-arm64-0.35.5.tgz#92d0904211086d10bd3c929de715dd8a81fa7268"
  integrity sha512-9HbMclmI1zlNkFRs3z9/eBtDjfD0sGlrX1z6b1qwmiFY5ElDLh4BC0LPBdVp7z1DXFiKlIcznf+ZlsuZzLxQqg==
  optionalDependencies:
    "@img/sharp-libvips-linuxmusl-arm64" "1.3.4"

"@img/sharp-linuxmusl-x64@0.35.5":
  version "0.35.5"
  resolved "https://registry.yarnpkg.com/@img/sharp-linuxmusl-x64/-/sharp-linuxmusl-x64-0.35.5.tgz#1d146eab6dfcdc6429f29b032b8bc3f0180b6d80"
  integrity sha512-4KOphqB035HrVdqLZfCgMzzERrQkkzOwRhl4OAkRO1YCldbaFjySXMaK534Mo0V+LndnlJk+sbUyLeU0ULyD1A==
  optionalDependencies:
    "@img/sharp-libvips-linuxmusl-x64" "1.3.4"

"@img/sharp-wasm32@0.35.5":
  version "0.35.5"
  resolved "https://registry.yarnpkg.com/@img/sharp-wasm32/-/sharp-wasm32-0.35.5.tgz#5369559c3a4c32e08ce92b6ffba2434175a45a62"
  integrity sha512-Ptsga1su4tQx+LLF1ECS9U6nz5kmrXKo6XVbtR48Ke3ZRxxgaWBu7IDtEe1quo8hiupwm6WFqxVlXaSf7IINGQ==
  dependencies:
    "@emnapi/runtime" "^1.11.3"

"@img/sharp-webcontainers-wasm32@0.35.5":
  version "0.35.5"
  resolved "https://registry.yarnpkg.com/@img/sharp-webcontainers-wasm32/-/sharp-webcontainers-wasm32-0.35.5.tgz#3674eddf41eb85d0e92896d7da01ca00310256b9"
  integrity sha512-hfhF/FmoQyTUkA0bIKFOtw536BQSeBMe6BF6QyWlrPxT754+TFLaZ7sKKTfvvM0yJgKgaYTwnFCIZ/GuDw5SUA==
  dependencies:
    "@img/sharp-wasm32" "0.35.5"

"@img/sharp-win32-arm64@0.35.5":
  version "0.35.5"
  resolved "https://registry.yarnpkg.com/@img/sharp-win32-arm64/-/sharp-win32-arm64-0.35.5.tgz#e3c94326eb0a46ade843b84cf50a3917b79d323f"
  integrity sha512-X4t7g+7ZA5DKblCBEXGjUqqemj4vczING/5viFwAL8h4N3qYeyjwdCvRLHi4EdOUI+2Z7UFlp1VM+p/AuEtm6Q==

"@img/sharp-win32-ia32@0.35.5":
  version "0.35.5"
  resolved "https://registry.yarnpkg.com/@img/sharp-win32-ia32/-/sharp-win32-ia32-0.35.5.tgz#cc5dac453dc3500aac2e63f182b952af0d437bc1"
  integrity sha512-5Zm82LoBc43nhwNybZlG7Y1KO//Zhsn306fQl29ZOuStHLGTo3BWL83q3cznX0poxSAMuYL1On/BHBxkBeKr6A==

"@img/sharp-win32-x64@0.35.5":
  version "0.35.5"
  resolved "https://registry.yarnpkg.com/@img/sharp-win32-x64/-/sharp-win32-x64-0.35.5.tgz#1785356b8cb396e58430e03865281280acb818b1"
  integrity sha512-x76eH0vEiHlcMQu8Y8IenntaACtddpT6W0wmXtWrnKcnKI7ME5DdgqhAD6SEWOEl1v2zDvkZDhFA9KnURwpfqg==

"@napi-rs/lzma-linux-x64-gnu@1.5.1":
  version "1.5.1"
  resolved "https://registry.yarnpkg.com/@napi-rs/lzma-linux-x64-gnu/-/lzma-linux-x64-gnu-1.5.1.tgz#e57d4306966078662038094fb38eb9146dc3aea9"
  integrity sha512-oTXEIha4SsuXdTA4Iyskj0kpdx2yVXdhd75c2v3xGrHFfVMsbhTPZU/nMPL4sWKo4pBHm3aucLaqGlF696dTyQ==

"@rollup/rollup-android-arm-eabi@4.64.3":
  version "4.64.3"
  resolved "https://registry.yarnpkg.com/@rollup/rollup-android-arm-eabi/-/rollup-android-arm-eabi-4.64.3.tgz#d18847c5de69f6afd7735bd326181a1135a8d6ea"
  integrity sha512-a31GFbL70GlGUGhn8goVjRLtdDG1urLCJFWLZ7JcxdHK9pPvCohLFtYLgJDdNbtrNZSrJl1u9bK05ISsSC2EpA==

"@rollup/rollup-android-arm64@4.64.3":
  version "4.64.3"
  resolved "https://registry.yarnpkg.com/@rollup/rollup-android-arm64/-/rollup-android-arm64-4.64.3.tgz#af46f3a8503f5ce36fa3566a7f8a464c7b26dae8"
  integrity sha512-IRv757RLiPGlNxAX5JXU0eiUlUPvKiwFRbkqLd+gywptLK4uSEg1qkl6en6r0cXMazSnWUWOBABv+QfuLV3n5Q==

"@rollup/rollup-darwin-arm64@4.64.3":
  version "4.64.3"
  resolved "https://registry.yarnpkg.com/@rollup/rollup-darwin-arm64/-/rollup-darwin-arm64-4.64.3.tgz#e5472109fdd633f4bcdaf5dffb6e9b934e9f7366"
  integrity sha512-UkzI35Fnz6+MJNATdnjnZ3TpdG/rXab8h7oDOD9R0zDVIFmuuYrvgUj8V8mh+A//+LR4TlEQo4ZW4RhyRtWv3A==

"@rollup/rollup-darwin-x64@4.64.3":
  version "4.64.3"
  resolved "https://registry.yarnpkg.com/@rollup/rollup-darwin-x64/-/rollup-darwin-x64-4.64.3.tgz#92a7591a180beade2a070cf3c3f91b0437b3630e"
  integrity sha512-C3AyMtAnKQ/jSkZ0chIoWbPXRbFz8JnPLhl1ULecEhcaOGkT19xt7KmO8BulQxt9S/XideHRXvsVQUbGj4JCOg==

"@rollup/rollup-freebsd-arm64@4.64.3":
  version "4.64.3"
  resolved "https://registry.yarnpkg.com/@rollup/rollup-freebsd-arm64/-/rollup-freebsd-arm64-4.64.3.tgz#4c26cbbf590b0cc55cc3b266bad941a5ffe17453"
  integrity sha512-M8yAdBMyHh14JLeXDNGvEkljzuHdcoLBQ399O4Fp4nvX51lueuEY/5U2G9Ci0D6/bQlBp/3JLiBQH55STwwbwg==

"@rollup/rollup-freebsd-x64@4.64.3":
  version "4.64.3"
  resolved "https://registry.yarnpkg.com/@rollup/rollup-freebsd-x64/-/rollup-freebsd-x64-4.64.3.tgz#409194706ca27d45d00b752e8d51864f02e41cb2"
  integrity sha512-WQjuOKGh2FN98ZK6i0uM6M6YqnPEds85p3oRkrxiEeTQo/p7RpuU8c9MwQ88LfgwVAzohumlzbQQSikz4Zw9rw==

"@rollup/rollup-linux-arm-gnueabihf@4.64.3":
  version "4.64.3"
  resolved "https://registry.yarnpkg.com/@rollup/rollup-linux-arm-gnueabihf/-/rollup-linux-arm-gnueabihf-4.64.3.tgz#7602c9a20345e259c86aa8dc415b526958d44d9d"
  integrity sha512-5tDLZG5s9WyVKoEHgwos6FpKrgpotl61EYeHSLSVkQzMzTsaClwEr8mok9rm3y734zjiGInG4dfw/56ebWVvEQ==

"@rollup/rollup-linux-arm-musleabihf@4.64.3":
  version "4.64.3"
  resolved "https://registry.yarnpkg.com/@rollup/rollup-linux-arm-musleabihf/-/rollup-linux-arm-musleabihf-4.64.3.tgz#41ccd2397a41b34b02f9850b37a05718f07e8823"
  integrity sha512-Mh5KbLeplM2HX6lQI18jsxSsqvPW8d+Hyk8HtY6Zl93woMitRSCZ92rBEzq6v8bfZGlpyMgj4P/sKW4KCjhH3A==

"@rollup/rollup-linux-arm64-gnu@4.64.3":
  version "4.64.3"
  resolved "https://registry.yarnpkg.com/@rollup/rollup-linux-arm64-gnu/-/rollup-linux-arm64-gnu-4.64.3.tgz#b24618f6b7eef95f7c3791a546fc95fd2ec80fd2"
  integrity sha512-QZrrwHnznTv6y4iiHtCqDN+ZsF4qNFQObMOLgPrbxhh9O5o4rgoUe5OnkqG/ceCObMrAjhQt+eQ6HSDzBFgVMw==

"@rollup/rollup-linux-arm64-musl@4.64.3":
  version "4.64.3"
  resolved "https://registry.yarnpkg.com/@rollup/rollup-linux-arm64-musl/-/rollup-linux-arm64-musl-4.64.3.tgz#d158dff9ad606faadab82d25f530cb74a15c5a27"
  integrity sha512-4vLehpXSwlkltnvk5ETB+Hz+d3xayZS3NamZ5Vq4bSo+IUoIALovEJF1YgWPMjHwN7R5o/R4BpP9h3q8EK1xAA==

"@rollup/rollup-linux-loong64-gnu@4.64.3":
  version "4.64.3"
  resolved "https://registry.yarnpkg.com/@rollup/rollup-linux-loong64-gnu/-/rollup-linux-loong64-gnu-4.64.3.tgz#fb04a86b3d768fb08397529620f46095f68173b7"
  integrity sha512-SEN7TTTOdXJKZmsWKOnQeVfgy3Dje/08ISXWwFhTggQ3SxjuIaChvmOB5ZDZqJNlBjaXrV6nAHraqEAvdLGqcw==

"@rollup/rollup-linux-loong64-musl@4.64.3":
  version "4.64.3"
  resolved "https://registry.yarnpkg.com/@rollup/rollup-linux-loong64-musl/-/rollup-linux-loong64-musl-4.64.3.tgz#1896332721cddcbd0d09d8b3a0dd37410af61553"
  integrity sha512-1LDsQMRMCEdGF9Dih5qyh6fF1LK3NnA+pAtE2+9AgZwUdXyd19TOBVC9crSB63iZBHR4vOG7h8gN/LcUH3J7xw==

"@rollup/rollup-linux-ppc64-gnu@4.64.3":
  version "4.64.3"
  resolved "https://registry.yarnpkg.com/@rollup/rollup-linux-ppc64-gnu/-/rollup-linux-ppc64-gnu-4.64.3.tgz#132c1104e0300c2718fd1b2dbbdc360b50766a98"
  integrity sha512-v3D2tAfRriqGOi+5Ac5CiYbBo2NXtLVxJlludTvUZRj502lVMFeVIuvvWbz4qCrotn3e3Uvpvh7FcMpG2QxxXQ==

"@rollup/rollup-linux-ppc64-musl@4.64.3":
  version "4.64.3"
  resolved "https://registry.yarnpkg.com/@rollup/rollup-linux-ppc64-musl/-/rollup-linux-ppc64-musl-4.64.3.tgz#3eeae9c2471128abf4493082b66e7dd5c5c2fb4d"
  integrity sha512-db5q6dP189V2+JkMpsXBl8ym6bC0x8ydZ47fUJZ9YdM6T2OF5uqNzX9HaAZHRP/lqjA9bJeNwi0qw1/2/37dUA==

"@rollup/rollup-linux-riscv64-gnu@4.64.3":
  version "4.64.3"
  resolved "https://registry.yarnpkg.com/@rollup/rollup-linux-riscv64-gnu/-/rollup-linux-riscv64-gnu-4.64.3.tgz#0c182e1c00397a47a05e26b10c4151d290d38934"
  integrity sha512-nArAVDmrL5ix9UoipcKEsYJw4kMUQCIPYRWuYF2POOC7jd9rmN95d/48ewsYFC/OdtwEx6VYYWYxrp8FbMOU2Q==

"@rollup/rollup-linux-riscv64-musl@4.64.3":
  version "4.64.3"
  resolved "https://registry.yarnpkg.com/@rollup/rollup-linux-riscv64-musl/-/rollup-linux-riscv64-musl-4.64.3.tgz#3cc122e841c6cbedc8611ee4a2fd166566022bef"
  integrity sha512-2dc7LElu7EVSvpQT8epNnBLa02wlqilNYqHN0FA/RaKqCr9U9ZFYQ0Eh4sfgSzLneLDuJsJRjcezR/l2UyYGXA==

"@rollup/rollup-linux-s390x-gnu@4.64.3":
  version "4.64.3"
  resolved "https://registry.yarnpkg.com/@rollup/rollup-linux-s390x-gnu/-/rollup-linux-s390x-gnu-4.64.3.tgz#d8d3aaa91b1a6954967a08e6f8a0c3770f7d37f2"
  integrity sha512-9PYq2IEzSwXcvQLERcT9LKXRzw8J05GFTbJHA2anJR2WmlRjA1esgXVYhanp+bmjKsDVoZeU2L7Z2pRClLcZTw==

"@rollup/rollup-linux-x64-gnu@4.64.3":
  version "4.64.3"
  resolved "https://registry.yarnpkg.com/@rollup/rollup-linux-x64-gnu/-/rollup-linux-x64-gnu-4.64.3.tgz#40eaca7bce0ce3adcb15cb815fcb2afdd2094780"
  integrity sha512-vMh+mt0cw1BHldd8cqaU6A5s1W4EUKl6+8MRsv86mj954L4xyruKD7qPXMUI2icImadAZARK10h0onaGTLmCVg==

"@rollup/rollup-linux-x64-musl@4.64.3":
  version "4.64.3"
  resolved "https://registry.yarnpkg.com/@rollup/rollup-linux-x64-musl/-/rollup-linux-x64-musl-4.64.3.tgz#9dd1a68c7ac58945f8bcd50746131d7408eae4e7"
  integrity sha512-PpiKU+sWbqDGc0U0su8oXiyeyqm0UQjmaaPKHktX+DaLe6YKJwW2YVD0f2AXHdVvblZbRqpwRVClWP2F5HCqrQ==

"@rollup/rollup-openbsd-x64@4.64.3":
  version "4.64.3"
  resolved "https://registry.yarnpkg.com/@rollup/rollup-openbsd-x64/-/rollup-openbsd-x64-4.64.3.tgz#469b4da89740e4d4d7f6b080d63d089eaf13700d"
  integrity sha512-/3enY/AmaIt8IS0fWjX4ztYVPBqkj49cQTy/hCryhBFaEzDfJwwEolq9sxvyWAM2qmsmVuPdeRg5JXSrmeqvJg==

"@rollup/rollup-openharmony-arm64@4.64.3":
  version "4.64.3"
  resolved "https://registry.yarnpkg.com/@rollup/rollup-openharmony-arm64/-/rollup-openharmony-arm64-4.64.3.tgz#2a6084fb2cb9df55c0ee13fe893a78f251357cd1"
  integrity sha512-zsEP/QDuet52hhwvi5T1VPg0/Tkms0m3zkVv7CPsznvhdO4pL4oJTMz26EJsiCe18OeLKPgpTu3XVO3C1eq3ew==

"@rollup/rollup-win32-arm64-msvc@4.64.3":
  version "4.64.3"
  resolved "https://registry.yarnpkg.com/@rollup/rollup-win32-arm64-msvc/-/rollup-win32-arm64-msvc-4.64.3.tgz#84b06435d1cccd1445186412d351d7c1dde98f22"
  integrity sha512-4ESknW4Db+kqvazVOfsReYJaHxcIsOqcgwjKV2J1tG5Bn4RVf5ocTQKSGuq2HWBJcOLuyim8IWX8DuH6nKmELA==

"@rollup/rollup-win32-ia32-msvc@4.64.3":
  version "4.64.3"
  resolved "https://registry.yarnpkg.com/@rollup/rollup-win32-ia32-msvc/-/rollup-win32-ia32-msvc-4.64.3.tgz#2754f316f6460d617d26920ee5d14b23d32b6aa6"
  integrity sha512-3B8VCQyIyv7FQxYYhb3HpR3bIpronR20txjMSffSoz/sm/DDs3/49CFpEueOsvq9qW9sWoI/6pi6mtciD9NXFg==

"@rollup/rollup-win32-x64-gnu@4.64.3":
  version "4.64.3"
  resolved "https://registry.yarnpkg.com/@rollup/rollup-win32-x64-gnu/-/rollup-win32-x64-gnu-4.64.3.tgz#4aca203efebbf4aa75a86586fc37653903960435"
  integrity sha512-YOoDkKh2oQxOxRB5D9AR8sj3qpMShpmyTkjojiBjMGigz3caV7UvCnXWWUQC0TBmrZ5zuHe2pWl8S+cMfvXzRg==

"@rollup/rollup-win32-x64-msvc@4.64.3":
  version "4.64.3"
  resolved "https://registry.yarnpkg.com/@rollup/rollup-win32-x64-msvc/-/rollup-win32-x64-msvc-4.64.3.tgz#b1e5867222ac1f9f9eab03adb358adba50022a9c"
  integrity sha512-qTv4bG+eKJKifzxNJevMUh8L6CjJrz9/Kn1IbP2F5bo0tBzNIR7HMg4vni6XmDzcKUl00lHHY+J5ZgjbGiujOQ==

"@types/estree@1.0.9":
  version "1.0.9"
  resolved "https://registry.yarnpkg.com/@types/estree/-/estree-1.0.9.tgz#cf3f0e876d7bee15a93ab925b82bf570a3904a24"
  integrity sha512-GhdPgy1el4/ImP05X05Uw4cw2/M93BCUmnEvWZNStlCzEKME4Fkk+YpoA5OiHNQmoS7Cafb8Xa3Pya8m1Qrzeg==

"@types/geojson@*":
  version "7946.0.16"
  resolved "https://registry.yarnpkg.com/@types/geojson/-/geojson-7946.0.16.tgz#8ebe53d69efada7044454e3305c19017d97ced2a"
  integrity sha512-6C8nqWur3j98U6+lXDfTUWIfgvZU+EumvpHKcYjujKH7woYyLj2sUmff0tRhrqM7BohUw7Pz3ZB1jj2gW9Fvmg==

"@types/topojson-client@^3.1.5":
  version "3.1.5"
  resolved "https://registry.yarnpkg.com/@types/topojson-client/-/topojson-client-3.1.5.tgz#3fdbcd52161db8747a071b1d0f635ac700cf599d"
  integrity sha512-C79rySTyPxnQNNguTZNI1Ct4D7IXgvyAs3p9HPecnl6mNrJ5+UhvGNYcZfpROYV2lMHI48kJPxwR+F9C6c7nmw==
  dependencies:
    "@types/geojson" "*"
    "@types/topojson-specification" "*"

"@types/topojson-specification@*":
  version "1.0.5"
  resolved "https://registry.yarnpkg.com/@types/topojson-specification/-/topojson-specification-1.0.5.tgz#bf0009b2e0debb2d97237b124c00b9ea92570375"
  integrity sha512-C7KvcQh+C2nr6Y2Ub4YfgvWvWCgP2nOQMtfhlnwsRL4pYmmwzBS7HclGiS87eQfDOU/DLQpX6GEscviaz4yLIQ==
  dependencies:
    "@types/geojson" "*"

commander@2:
  version "2.20.3"
  resolved "https://registry.yarnpkg.com/commander/-/commander-2.20.3.tgz#fd485e84c03eb4881c20722ba48035e8531aeb33"
  integrity sha512-GpVkmM8vF2vQUkj2LvZmD35JxeJOLCwJ9cUkugyk2nuhbv3+mJvpLYYt+0+USMxE+oj+ey/lJEnhZw75x/OMcQ==

detect-libc@^2.1.2:
  version "2.1.2"
  resolved "https://registry.yarnpkg.com/detect-libc/-/detect-libc-2.1.2.tgz#689c5dcdc1900ef5583a4cb9f6d7b473742074ad"
  integrity sha512-Btj2BOOO83o3WyH59e8MgXsxEQVcarkUOpEYrubB0urwnN10yQ364rsiByU11nZlqWYZm05i/of7io4mzihBtQ==

esbuild@^0.21.3:
  version "0.21.5"
  resolved "https://registry.yarnpkg.com/esbuild/-/esbuild-0.21.5.tgz#9ca301b120922959b766360d8ac830da0d02997d"
  integrity sha512-mg3OPMV4hXywwpoDxu3Qda5xCKQi+vCTZq8S9J/EpkhB2HzKXq4SNFZE3+NK93JYxc8VMSep+lOUSC/RVKaBqw==
  optionalDependencies:
    "@esbuild/aix-ppc64" "0.21.5"
    "@esbuild/android-arm" "0.21.5"
    "@esbuild/android-arm64" "0.21.5"
    "@esbuild/android-x64" "0.21.5"
    "@esbuild/darwin-arm64" "0.21.5"
    "@esbuild/darwin-x64" "0.21.5"
    "@esbuild/freebsd-arm64" "0.21.5"
    "@esbuild/freebsd-x64" "0.21.5"
    "@esbuild/linux-arm" "0.21.5"
    "@esbuild/linux-arm64" "0.21.5"
    "@esbuild/linux-ia32" "0.21.5"
    "@esbuild/linux-loong64" "0.21.5"
    "@esbuild/linux-mips64el" "0.21.5"
    "@esbuild/linux-ppc64" "0.21.5"
    "@esbuild/linux-riscv64" "0.21.5"
    "@esbuild/linux-s390x" "0.21.5"
    "@esbuild/linux-x64" "0.21.5"
    "@esbuild/netbsd-x64" "0.21.5"
    "@esbuild/openbsd-x64" "0.21.5"
    "@esbuild/sunos-x64" "0.21.5"
    "@esbuild/win32-arm64" "0.21.5"
    "@esbuild/win32-ia32" "0.21.5"
    "@esbuild/win32-x64" "0.21.5"

fsevents@~2.3.2, fsevents@~2.3.3:
  version "2.3.3"
  resolved "https://registry.yarnpkg.com/fsevents/-/fsevents-2.3.3.tgz#cac6407785d03675a2a5e1a5305c697b347d90d6"
  integrity sha512-5xoDfX+fL7faATnagmWPpbFtwh/R77WmMMqqHGS65C3vvB0YHrgF+B1YmZ3441tMj5n63k0212XNoJwzlhffQw==

lucide@^1.52.0:
  version "1.53.0"
  resolved "https://registry.yarnpkg.com/lucide/-/lucide-1.53.0.tgz#3c9e91887212d7ac910a2d786c6f80c5e035037e"
  integrity sha512-5bBZofL4QmNhY6YIXe3sSJKvO2gMZ1fOMEcOyVsT5/7k6KR8IizWUhWVuQtVnrN/TRLKDKEr4Ln0a7CZ8dQMMA==

nanoid@^3.3.19:
  version "3.3.20"
  resolved "https://registry.yarnpkg.com/nanoid/-/nanoid-3.3.20.tgz#dfd4444d85aa10111ef66ba85ed72e08ba0855d8"
  integrity sha512-uKdg2G3GNCKQn9byYOpxbGqrT2fGO5KRt5J/8b3pok8rT6qxGWF6hxMyJiEYtAf+FVyYuD9hRaDqX5uPFYJ4ZQ==

picocolors@^1.1.1:
  version "1.1.1"
  resolved "https://registry.yarnpkg.com/picocolors/-/picocolors-1.1.1.tgz#3d321af3eab939b083c8f929a1d12cda81c26b6b"
  integrity sha512-xceH2snhtb5M9liqDsmEw56le376mTZkEX/jEb/RxNFyegNul7eNslCXP9FDj/Lcu0X8KEyMceP2ntpaHrDEVA==

postcss@^8.4.43:
  version "8.5.29"
  resolved "https://registry.yarnpkg.com/postcss/-/postcss-8.5.29.tgz#086a0ded2c0257c71efb8c68776b477774714b4a"
  integrity sha512-49cGhUbXj8Qenv0iTMxA1cFBzxXoctpC9Ujd77t1WcbJIr6nF/eI7g/8MgxrYldFRuAXvja7xQRwavoW7kgrxQ==
  dependencies:
    nanoid "^3.3.19"
    picocolors "^1.1.1"
    source-map-js "^1.2.2"

rollup@^4.20.0:
  version "4.64.3"
  resolved "https://registry.yarnpkg.com/rollup/-/rollup-4.64.3.tgz#c16e48f3de8c0b7d6c33b2e07f4a6d9331306d2f"
  integrity sha512-iIMWbptLYsZdGTJMH8ngApXdsCatE6bCMv2eqGIfGE1++kwh7TCWBdWKK0FKC0yx++196vGK5VdagzRXSLMa8A==
  dependencies:
    "@types/estree" "1.0.9"
  optionalDependencies:
    "@napi-rs/lzma-linux-x64-gnu" "1.5.1"
    "@rollup/rollup-android-arm-eabi" "4.64.3"
    "@rollup/rollup-android-arm64" "4.64.3"
    "@rollup/rollup-darwin-arm64" "4.64.3"
    "@rollup/rollup-darwin-x64" "4.64.3"
    "@rollup/rollup-freebsd-arm64" "4.64.3"
    "@rollup/rollup-freebsd-x64" "4.64.3"
    "@rollup/rollup-linux-arm-gnueabihf" "4.64.3"
    "@rollup/rollup-linux-arm-musleabihf" "4.64.3"
    "@rollup/rollup-linux-arm64-gnu" "4.64.3"
    "@rollup/rollup-linux-arm64-musl" "4.64.3"
    "@rollup/rollup-linux-loong64-gnu" "4.64.3"
    "@rollup/rollup-linux-loong64-musl" "4.64.3"
    "@rollup/rollup-linux-ppc64-gnu" "4.64.3"
    "@rollup/rollup-linux-ppc64-musl" "4.64.3"
    "@rollup/rollup-linux-riscv64-gnu" "4.64.3"
    "@rollup/rollup-linux-riscv64-musl" "4.64.3"
    "@rollup/rollup-linux-s390x-gnu" "4.64.3"
    "@rollup/rollup-linux-x64-gnu" "4.64.3"
    "@rollup/rollup-linux-x64-musl" "4.64.3"
    "@rollup/rollup-openbsd-x64" "4.64.3"
    "@rollup/rollup-openharmony-arm64" "4.64.3"
    "@rollup/rollup-win32-arm64-msvc" "4.64.3"
    "@rollup/rollup-win32-ia32-msvc" "4.64.3"
    "@rollup/rollup-win32-x64-gnu" "4.64.3"
    "@rollup/rollup-win32-x64-msvc" "4.64.3"
    fsevents "~2.3.2"

semver@^7.8.5:
  version "7.8.5"
  resolved "https://registry.yarnpkg.com/semver/-/semver-7.8.5.tgz#39b646037dd50c14fb451e7e4cac58ed8b863f69"
  integrity sha512-Y7/KDsb8LjooZpwaqGyulO6DQlksgCncchHGk+sZIY4SBvUocMBEFH5Ur1fI4dV+Jvl0w6cjvucaIi40puRioA==

sharp@^0.35.5:
  version "0.35.5"
  resolved "https://registry.yarnpkg.com/sharp/-/sharp-0.35.5.tgz#43fb539872ec5f53cc7162eb850dbf6514692fbf"
  integrity sha512-Ywn4OnzGukp7CDMrp08RQ50YKmuwG47brZgIVPTvBaaAfQlRlygrRqSrxdCiL9M+LlzLBiJ68IR1QqvzHyjC7g==
  dependencies:
    "@img/colour" "^1.1.0"
    detect-libc "^2.1.2"
    semver "^7.8.5"
  optionalDependencies:
    "@img/sharp-darwin-arm64" "0.35.5"
    "@img/sharp-darwin-x64" "0.35.5"
    "@img/sharp-freebsd-wasm32" "0.35.5"
    "@img/sharp-libvips-darwin-arm64" "1.3.4"
    "@img/sharp-libvips-darwin-x64" "1.3.4"
    "@img/sharp-libvips-linux-arm" "1.3.4"
    "@img/sharp-libvips-linux-arm64" "1.3.4"
    "@img/sharp-libvips-linux-ppc64" "1.3.4"
    "@img/sharp-libvips-linux-riscv64" "1.3.4"
    "@img/sharp-libvips-linux-s390x" "1.3.4"
    "@img/sharp-libvips-linux-x64" "1.3.4"
    "@img/sharp-libvips-linuxmusl-arm64" "1.3.4"
    "@img/sharp-libvips-linuxmusl-x64" "1.3.4"
    "@img/sharp-linux-arm" "0.35.5"
    "@img/sharp-linux-arm64" "0.35.5"
    "@img/sharp-linux-ppc64" "0.35.5"
    "@img/sharp-linux-riscv64" "0.35.5"
    "@img/sharp-linux-s390x" "0.35.5"
    "@img/sharp-linux-x64" "0.35.5"
    "@img/sharp-linuxmusl-arm64" "0.35.5"
    "@img/sharp-linuxmusl-x64" "0.35.5"
    "@img/sharp-webcontainers-wasm32" "0.35.5"
    "@img/sharp-win32-arm64" "0.35.5"
    "@img/sharp-win32-ia32" "0.35.5"
    "@img/sharp-win32-x64" "0.35.5"

source-map-js@^1.2.2:
  version "1.2.2"
  resolved "https://registry.yarnpkg.com/source-map-js/-/source-map-js-1.2.2.tgz#79fb88d97535a21cb27162cb05d211b67acea4ab"
  integrity sha512-KGj/8Y43x35aZVDtt+J4mK1hoLGHULMYfSkODJNQjNDC3oW1PqPoxMwo0pLUsWM/UEGzON/NxeHywEfNXNP3Vw==

topojson-client@^3.1.0:
  version "3.1.0"
  resolved "https://registry.yarnpkg.com/topojson-client/-/topojson-client-3.1.0.tgz#22e8b1ed08a2b922feeb4af6f53b6ef09a467b99"
  integrity sha512-605uxS6bcYxGXw9qi62XyrV6Q3xwbndjachmNxu8HWTtVPxZfEJN9fd/SZS1Q54Sn2y0TMyMxFj/cJINqGHrKw==
  dependencies:
    commander "2"

tslib@^2.4.0:
  version "2.8.1"
  resolved "https://registry.yarnpkg.com/tslib/-/tslib-2.8.1.tgz#612efe4ed235d567e8aba5f2a5fab70280ade83f"
  integrity sha512-oJFu94HQb+KVduSUQL7wnpmqnfmLsOA/nAh6b6EH0wCEoK0/mPeXU6c3wKDV83MkOuHPRHtSXKKU99IBazS/2w==

typescript@^5.6.0:
  version "5.9.3"
  resolved "https://registry.yarnpkg.com/typescript/-/typescript-5.9.3.tgz#5b4f59e15310ab17a216f5d6cf53ee476ede670f"
  integrity sha512-jl1vZzPDinLr9eUt3J/t7V6FgNEw9QjvBPdysz9KfQDD41fQrC2Y4vKQdiaUpFT4bXlb1RHhLpp8wtm6M5TgSw==

vite@^5.4.0:
  version "5.4.21"
  resolved "https://registry.yarnpkg.com/vite/-/vite-5.4.21.tgz#84a4f7c5d860b071676d39ba513c0d598fdc7027"
  integrity sha512-o5a9xKjbtuhY6Bi5S3+HvbRERmouabWbyUcpXXUA1u+GNUKoROi9byOJ8M0nHbHYHkYICiMlqxkg1KkYmm25Sw==
  dependencies:
    esbuild "^0.21.3"
    postcss "^8.4.43"
    rollup "^4.20.0"
  optionalDependencies:
    fsevents "~2.3.3"

world-atlas@^2.0.2:
  version "2.0.2"
  resolved "https://registry.yarnpkg.com/world-atlas/-/world-atlas-2.0.2.tgz#4bca4a578f3a413bd409c3f07f2054fe7375824f"
  integrity sha512-IXfV0qwlKXpckz1FhwXVwKRjiIhOnWttOskm5CtxMsjgE/MXAYRHWJqgXOpM8IkcPBoXnyTU5lFHcYa5ChG0LQ==
